// !$*UTF8*$!
{
	archiveVersion = 1;
	classes = {
	};
	objectVersion = 55;
	objects = {

/* Begin PBXBuildFile section */
		8F05FC1A276C06F200AB86F0 /* AppDelegate.swift in Sources */ = {isa = PBXBuildFile; fileRef = 8F05FC19276C06F200AB86F0 /* AppDelegate.swift */; };
		8F05FC1C276C06F200AB86F0 /* SceneDelegate.swift in Sources */ = {isa = PBXBuildFile; fileRef = 8F05FC1B276C06F200AB86F0 /* SceneDelegate.swift */; };
		8F05FC1E276C06F200AB86F0 /* ViewController.swift in Sources */ = {isa = PBXBuildFile; fileRef = 8F05FC1D276C06F200AB86F0 /* ViewController.swift */; };
		8F05FC21276C06F200AB86F0 /* Main.storyboard in Resources */ = {isa = PBXBuildFile; fileRef = 8F05FC1F276C06F200AB86F0 /* Main.storyboard */; };
		8F05FC23276C06F400AB86F0 /* Assets.xcassets in Resources */ = {isa = PBXBuildFile; fileRef = 8F05FC22276C06F400AB86F0 /* Assets.xcassets */; };
		8F05FC26276C06F400AB86F0 /* LaunchScreen.storyboard in Resources */ = {isa = PBXBuildFile; fileRef = 8F05FC24276C06F400AB86F0 /* LaunchScreen.storyboard */; };
		8F05FC2E276C0FF500AB86F0 /* DarkHands.png in Resources */ = {isa = PBXBuildFile; fileRef = 8F05FC2D276C0FF500AB86F0 /* DarkHands.png */; };
		8F05FC30276C140A00AB86F0 /* Hands.png in Resources */ = {isa = PBXBuildFile; fileRef = 8F05FC2F276C140A00AB86F0 /* Hands.png */; };
		8F9C544627ADD5AD00B79CA7 /* JokesViewController.swift in Sources */ = {isa = PBXBuildFile; fileRef = 8F9C544527ADD5AC00B79CA7 /* JokesViewController.swift */; };
		8F9C544827ADD61C00B79CA7 /* PunsViewController.swift in Sources */ = {isa = PBXBuildFile; fileRef = 8F9C544727ADD61C00B79CA7 /* PunsViewController.swift */; };
		8F9C544A27ADD62900B79CA7 /* LinesViewController.swift in Sources */ = {isa = PBXBuildFile; fileRef = 8F9C544927ADD62900B79CA7 /* LinesViewController.swift */; };
/* End PBXBuildFile section */

/* Begin PBXFileReference section */
		8F05FC16276C06F200AB86F0 /* Pick Me Up.app */ = {isa = PBXFileReference; explicitFileType = wrapper.application; includeInIndex = 0; path = "Pick Me Up.app"; sourceTree = BUILT_PRODUCTS_DIR; };
		8F05FC19276C06F200AB86F0 /* AppDelegate.swift */ = {isa = PBXFileReference; lastKnownFileType = sourcecode.swift; path = AppDelegate.swift; sourceTree = "<group>"; };
		8F05FC1B276C06F200AB86F0 /* SceneDelegate.swift */ = {isa = PBXFileReference; lastKnownFileType = sourcecode.swift; path = SceneDelegate.swift; sourceTree = "<group>"; };
		8F05FC1D276C06F200AB86F0 /* ViewController.swift */ = {isa = PBXFileReference; lastKnownFileType = sourcecode.swift; path = ViewController.swift; sourceTree = "<group>"; };
		8F05FC20276C06F200AB86F0 /* Base */ = {isa = PBXFileReference; lastKnownFileType = file.storyboard; name = Base; path = Base.lproj/Main.storyboard; sourceTree = "<group>"; };
		8F05FC22276C06F400AB86F0 /* Assets.xcassets */ = {isa = PBXFileReference; lastKnownFileType = folder.assetcatalog; path = Assets.xcassets; sourceTree = "<group>"; };
		8F05FC25276C06F400AB86F0 /* Base */ = {isa = PBXFileReference; lastKnownFileType = file.storyboard; name = Base; path = Base.lproj/LaunchScreen.storyboard; sourceTree = "<group>"; };
		8F05FC27276C06F400AB86F0 /* Info.plist */ = {isa = PBXFileReference; lastKnownFileType = text.plist.xml; path = Info.plist; sourceTree = "<group>"; };
		8F05FC2D276C0FF500AB86F0 /* DarkHands.png */ = {isa = PBXFileReference; lastKnownFileType = image.png; path = DarkHands.png; sourceTree = "<group>"; };
		8F05FC2F276C140A00AB86F0 /* Hands.png */ = {isa = PBXFileReference; lastKnownFileType = image.png; path = Hands.png; sourceTree = "<group>"; };
		8F9C544527ADD5AC00B79CA7 /* JokesViewController.swift */ = {isa = PBXFileReference; lastKnownFileType = sourcecode.swift; path = JokesViewController.swift; sourceTree = "<group>"; };
		8F9C544727ADD61C00B79CA7 /* PunsViewController.swift */ = {isa = PBXFileReference; lastKnownFileType = sourcecode.swift; path = PunsViewController.swift; sourceTree = "<group>"; };
		8F9C544927ADD62900B79CA7 /* LinesViewController.swift */ = {isa = PBXFileReference; lastKnownFileType = sourcecode.swift; path = LinesViewController.swift; sourceTree = "<group>"; };
/* End PBXFileReference section */

/* Begin PBXFrameworksBuildPhase section */
		8F05FC13276C06F200AB86F0 /* Frameworks */ = {
			isa = PBXFrameworksBuildPhase;
			buildActionMask = 2147483647;
			files = (
			);
			runOnlyForDeploymentPostprocessing = 0;
		};
/* End PBXFrameworksBuildPhase section */

/* Begin PBXGroup section */
		8F05FC0D276C06F200AB86F0 = {
			isa = PBXGroup;
			children = (
				8F05FC18276C06F200AB86F0 /* Pick Me Up */,
				8F05FC17276C06F200AB86F0 /* Products */,
			);
			sourceTree = "<group>";
		};
		8F05FC17276C06F200AB86F0 /* Products */ = {
			isa = PBXGroup;
			children = (
				8F05FC16276C06F200AB86F0 /* Pick Me Up.app */,
			);
			name = Products;
			sourceTree = "<group>";
		};
		8F05FC18276C06F200AB86F0 /* Pick Me Up */ = {
			isa = PBXGroup;
			children = (
				8F05FC19276C06F200AB86F0 /* AppDelegate.swift */,
				8F05FC1B276C06F200AB86F0 /* SceneDelegate.swift */,
				8F05FC1D276C06F200AB86F0 /* ViewController.swift */,
				8F05FC1F276C06F200AB86F0 /* Main.storyboard */,
				8F9C544527ADD5AC00B79CA7 /* JokesViewController.swift */,
				8F9C544727ADD61C00B79CA7 /* PunsViewController.swift */,
				8F9C544927ADD62900B79CA7 /* LinesViewController.swift */,
				8F05FC22276C06F400AB86F0 /* Assets.xcassets */,
				8F05FC2F276C140A00AB86F0 /* Hands.png */,
				8F05FC24276C06F400AB86F0 /* LaunchScreen.storyboard */,
				8F05FC2D276C0FF500AB86F0 /* DarkHands.png */,
				8F05FC27276C06F400AB86F0 /* Info.plist */,
			);
			path = "Pick Me Up";
			sourceTree = "<group>";
		};
/* End PBXGroup section */

/* Begin PBXNativeTarget section */
		8F05FC15276C06F200AB86F0 /* Pick Me Up */ = {
			isa = PBXNativeTarget;
			buildConfigurationList = 8F05FC2A276C06F400AB86F0 /* Build configuration list for PBXNativeTarget "Pick Me Up" */;
			buildPhases = (
				8F05FC12276C06F200AB86F0 /* Sources */,
				8F05FC13276C06F200AB86F0 /* Frameworks */,
				8F05FC14276C06F200AB86F0 /* Resources */,
			);
			buildRules = (
			);
			dependencies = (
			);
			name = "Pick Me Up";
			productName = "Pick Me Up";
			productReference = 8F05FC16276C06F200AB86F0 /* Pick Me Up.app */;
			productType = "com.apple.product-type.application";
		};
/* End PBXNativeTarget section */

/* Begin PBXProject section */
		8F05FC0E276C06F200AB86F0 /* Project object */ = {
			isa = PBXProject;
			attributes = {
				BuildIndependentTargetsInParallel = 1;
				LastSwiftUpdateCheck = 1300;
				LastUpgradeCheck = 1300;
				TargetAttributes = {
					8F05FC15276C06F200AB86F0 = {
						CreatedOnToolsVersion = 13.0;
					};
				};
			};
			buildConfigurationList = 8F05FC11276C06F200AB86F0 /* Build configuration list for PBXProject "Pick Me Up" */;
			compatibilityVersion = "Xcode 13.0";
			developmentRegion = en;
			hasScannedForEncodings = 0;
			knownRegions = (
				en,
				Base,
			);
			mainGroup = 8F05FC0D276C06F200AB86F0;
			productRefGroup = 8F05FC17276C06F200AB86F0 /* Products */;
			projectDirPath = "";
			projectRoot = "";
			targets = (
				8F05FC15276C06F200AB86F0 /* Pick Me Up */,
			);
		};
/* End PBXProject section */

/* Begin PBXResourcesBuildPhase section */
		8F05FC14276C06F200AB86F0 /* Resources */ = {
			isa = PBXResourcesBuildPhase;
			buildActionMask = 2147483647;
			files = (
				8F05FC2E276C0FF500AB86F0 /* DarkHands.png in Resources */,
				8F05FC26276C06F400AB86F0 /* LaunchScreen.storyboard in Resources */,
				8F05FC30276C140A00AB86F0 /* Hands.png in Resources */,
				8F05FC23276C06F400AB86F0 /* Assets.xcassets in Resources */,
				8F05FC21276C06F200AB86F0 /* Main.storyboard in Resources */,
			);
			runOnlyForDeploymentPostprocessing = 0;
		};
/* End PBXResourcesBuildPhase section */

/* Begin PBXSourcesBuildPhase section */
		8F05FC12276C06F200AB86F0 /* Sources */ = {
			isa = PBXSourcesBuildPhase;
			buildActionMask = 2147483647;
			files = (
				8F05FC1E276C06F200AB86F0 /* ViewController.swift in Sources */,
				8F05FC1A276C06F200AB86F0 /* AppDelegate.swift in Sources */,
				8F05FC1C276C06F200AB86F0 /* SceneDelegate.swift in Sources */,
				8F9C544627ADD5AD00B79CA7 /* JokesViewController.swift in Sources */,
				8F9C544A27ADD62900B79CA7 /* LinesViewController.swift in Sources */,
				8F9C544827ADD61C00B79CA7 /* PunsViewController.swift in Sources */,
			);
			runOnlyForDeploymentPostprocessing = 0;
		};
/* End PBXSourcesBuildPhase section */

/* Begin PBXVariantGroup section */
		8F05FC1F276C06F200AB86F0 /* Main.storyboard */ = {
			isa = PBXVariantGroup;
			children = (
				8F05FC20276C06F200AB86F0 /* Base */,
			);
			name = Main.storyboard;
			sourceTree = "<group>";
		};
		8F05FC24276C06F400AB86F0 /* LaunchScreen.storyboard */ = {
			isa = PBXVariantGroup;
			children = (
				8F05FC25276C06F400AB86F0 /* Base */,
			);
			name = LaunchScreen.storyboard;
			sourceTree = "<group>";
		};
/* End PBXVariantGroup section */

/* Begin XCBuildConfiguration section */
		8F05FC28276C06F400AB86F0 /* Debug */ = {
			isa = XCBuildConfiguration;
			buildSettings = {
				ALWAYS_SEARCH_USER_PATHS = NO;
				CLANG_ANALYZER_NONNULL = YES;
				CLANG_ANALYZER_NUMBER_OBJECT_CONVERSION = YES_AGGRESSIVE;
				CLANG_CXX_LANGUAGE_STANDARD = "gnu++17";
				CLANG_CXX_LIBRARY = "libc++";
				CLANG_ENABLE_MODULES = YES;
				CLANG_ENABLE_OBJC_ARC = YES;
				CLANG_ENABLE_OBJC_WEAK = YES;
				CLANG_WARN_BLOCK_CAPTURE_AUTORELEASING = YES;
				CLANG_WARN_BOOL_CONVERSION = YES;
				CLANG_WARN_COMMA = YES;
				CLANG_WARN_CONSTANT_CONVERSION = YES;
				CLANG_WARN_DEPRECATED_OBJC_IMPLEMENTATIONS = YES;
				CLANG_WARN_DIRECT_OBJC_ISA_USAGE = YES_ERROR;
				CLANG_WARN_DOCUMENTATION_COMMENTS = YES;
				CLANG_WARN_EMPTY_BODY = YES;
				CLANG_WARN_ENUM_CONVERSION = YES;
				CLANG_WARN_INFINITE_RECURSION = YES;
				CLANG_WARN_INT_CONVERSION = YES;
				CLANG_WARN_NON_LITERAL_NULL_CONVERSION = YES;
				CLANG_WARN_OBJC_IMPLICIT_RETAIN_SELF = YES;
				CLANG_WARN_OBJC_LITERAL_CONVERSION = YES;
				CLANG_WARN_OBJC_ROOT_CLASS = YES_ERROR;
				CLANG_WARN_QUOTED_INCLUDE_IN_FRAMEWORK_HEADER = YES;
				CLANG_WARN_RANGE_LOOP_ANALYSIS = YES;
				CLANG_WARN_STRICT_PROTOTYPES = YES;
				CLANG_WARN_SUSPICIOUS_MOVE = YES;
				CLANG_WARN_UNGUARDED_AVAILABILITY = YES_AGGRESSIVE;
				CLANG_WARN_UNREACHABLE_CODE = YES;
				CLANG_WARN__DUPLICATE_METHOD_MATCH = YES;
				COPY_PHASE_STRIP = NO;
				DEBUG_INFORMATION_FORMAT = dwarf;
				ENABLE_STRICT_OBJC_MSGSEND = YES;
				ENABLE_TESTABILITY = YES;
				GCC_C_LANGUAGE_STANDARD = gnu11;
				GCC_DYNAMIC_NO_PIC = NO;
				GCC_NO_COMMON_BLOCKS = YES;
				GCC_OPTIMIZATION_LEVEL = 0;
				GCC_PREPROCESSOR_DEFINITIONS = (
					"DEBUG=1",
					"$(inherited)",
				);
				GCC_WARN_64_TO_32_BIT_CONVERSION = YES;
				GCC_WARN_ABOUT_RETURN_TYPE = YES_ERROR;
				GCC_WARN_UNDECLARED_SELECTOR = YES;
				GCC_WARN_UNINITIALIZED_AUTOS = YES_AGGRESSIVE;
				GCC_WARN_UNUSED_FUNCTION = YES;
				GCC_WARN_UNUSED_VARIABLE = YES;
				IPHONEOS_DEPLOYMENT_TARGET = 15.0;
				MTL_ENABLE_DEBUG_INFO = INCLUDE_SOURCE;
				MTL_FAST_MATH = YES;
				ONLY_ACTIVE_ARCH = YES;
				SDKROOT = iphoneos;
				SWIFT_ACTIVE_COMPILATION_CONDITIONS = DEBUG;
				SWIFT_OPTIMIZATION_LEVEL = "-Onone";
			};
			name = Debug;
		};
		8F05FC29276C06F400AB86F0 /* Release */ = {
			isa = XCBuildConfiguration;
			buildSettings = {
				ALWAYS_SEARCH_USER_PATHS = NO;
				CLANG_ANALYZER_NONNULL = YES;
				CLANG_ANALYZER_NUMBER_OBJECT_CONVERSION = YES_AGGRESSIVE;
				CLANG_CXX_LANGUAGE_STANDARD = "gnu++17";
				CLANG_CXX_LIBRARY = "libc++";
				CLANG_ENABLE_MODULES = YES;
				CLANG_ENABLE_OBJC_ARC = YES;
				CLANG_ENABLE_OBJC_WEAK = YES;
				CLANG_WARN_BLOCK_CAPTURE_AUTORELEASING = YES;
				CLANG_WARN_BOOL_CONVERSION = YES;
				CLANG_WARN_COMMA = YES;
				CLANG_WARN_CONSTANT_CONVERSION = YES;
				CLANG_WARN_DEPRECATED_OBJC_IMPLEMENTATIONS = YES;
				CLANG_WARN_DIRECT_OBJC_ISA_USAGE = YES_ERROR;
				CLANG_WARN_DOCUMENTATION_COMMENTS = YES;
				CLANG_WARN_EMPTY_BODY = YES;
				CLANG_WARN_ENUM_CONVERSION = YES;
				CLANG_WARN_INFINITE_RECURSION = YES;
				CLANG_WARN_INT_CONVERSION = YES;
				CLANG_WARN_NON_LITERAL_NULL_CONVERSION = YES;
				CLANG_WARN_OBJC_IMPLICIT_RETAIN_SELF = YES;
				CLANG_WARN_OBJC_LITERAL_CONVERSION = YES;
				CLANG_WARN_OBJC_ROOT_CLASS = YES_ERROR;
				CLANG_WARN_QUOTED_INCLUDE_IN_FRAMEWORK_HEADER = YES;
				CLANG_WARN_RANGE_LOOP_ANALYSIS = YES;
				CLANG_WARN_STRICT_PROTOTYPES = YES;
				CLANG_WARN_SUSPICIOUS_MOVE = YES;
				CLANG_WARN_UNGUARDED_AVAILABILITY = YES_AGGRESSIVE;
				CLANG_WARN_UNREACHABLE_CODE = YES;
				CLANG_WARN__DUPLICATE_METHOD_MATCH = YES;
				COPY_PHASE_STRIP = NO;
				DEBUG_INFORMATION_FORMAT = "dwarf-with-dsym";
				ENABLE_NS_ASSERTIONS = NO;
				ENABLE_STRICT_OBJC_MSGSEND = YES;
				GCC_C_LANGUAGE_STANDARD = gnu11;
				GCC_NO_COMMON_BLOCKS = YES;
				GCC_WARN_64_TO_32_BIT_CONVERSION = YES;
				GCC_WARN_ABOUT_RETURN_TYPE = YES_ERROR;
				GCC_WARN_UNDECLARED_SELECTOR = YES;
				GCC_WARN_UNINITIALIZED_AUTOS = YES_AGGRESSIVE;
				GCC_WARN_UNUSED_FUNCTION = YES;
				GCC_WARN_UNUSED_VARIABLE = YES;
				IPHONEOS_DEPLOYMENT_TARGET = 15.0;
				MTL_ENABLE_DEBUG_INFO = NO;
				MTL_FAST_MATH = YES;
				SDKROOT = iphoneos;
				SWIFT_COMPILATION_MODE = wholemodule;
				SWIFT_OPTIMIZATION_LEVEL = "-O";
				VALIDATE_PRODUCT = YES;
			};
			name = Release;
		};
		8F05FC2B276C06F400AB86F0 /* Debug */ = {
			isa = XCBuildConfiguration;
			buildSettings = {
				ASSETCATALOG_COMPILER_APPICON_NAME = AppIcon;
				ASSETCATALOG_COMPILER_GLOBAL_ACCENT_COLOR_NAME = AccentColor;
				CODE_SIGN_STYLE = Automatic;
				CURRENT_PROJECT_VERSION = 1;
				DEVELOPMENT_TEAM = LW9AZ727J4;
				GENERATE_INFOPLIST_FILE = YES;
				INFOPLIST_FILE = "Pick Me Up/Info.plist";
				INFOPLIST_KEY_UIApplicationSupportsIndirectInputEvents = YES;
				INFOPLIST_KEY_UILaunchStoryboardName = LaunchScreen;
				INFOPLIST_KEY_UIMainStoryboardFile = Main;
				INFOPLIST_KEY_UISupportedInterfaceOrientations = UIInterfaceOrientationPortrait;
				INFOPLIST_KEY_UISupportedInterfaceOrientations_iPad = "UIInterfaceOrientationPortrait UIInterfaceOrientationPortraitUpsideDown UIInterfaceOrientationLandscapeLeft UIInterfaceOrientationLandscapeRight";
				INFOPLIST_KEY_UISupportedInterfaceOrientations_iPhone = "UIInterfaceOrientationPortrait UIInterfaceOrientationLandscapeLeft UIInterfaceOrientationLandscapeRight";
				LD_RUNPATH_SEARCH_PATHS = (
					"$(inherited)",
					"@executable_path/Frameworks",
				);
				MARKETING_VERSION = 1.0;
				PRODUCT_BUNDLE_IDENTIFIER = "cntrlnicole.Pick-Me-Up";
				PRODUCT_NAME = "$(TARGET_NAME)";
				SWIFT_EMIT_LOC_STRINGS = YES;
				SWIFT_VERSION = 5.0;
				TARGETED_DEVICE_FAMILY = 1;
			};
			name = Debug;
		};
		8F05FC2C276C06F400AB86F0 /* Release */ = {
			isa = XCBuildConfiguration;
			buildSettings = {
				ASSETCATALOG_COMPILER_APPICON_NAME = AppIcon;
				ASSETCATALOG_COMPILER_GLOBAL_ACCENT_COLOR_NAME = AccentColor;
				CODE_SIGN_STYLE = Automatic;
				CURRENT_PROJECT_VERSION = 1;
				DEVELOPMENT_TEAM = LW9AZ727J4;
				GENERATE_INFOPLIST_FILE = YES;
				INFOPLIST_FILE = "Pick Me Up/Info.plist";
				INFOPLIST_KEY_UIApplicationSupportsIndirectInputEvents = YES;
				INFOPLIST_KEY_UILaunchStoryboardName = LaunchScreen;
				INFOPLIST_KEY_UIMainStoryboardFile = Main;
				INFOPLIST_KEY_UISupportedInterfaceOrientations = UIInterfaceOrientationPortrait;
				INFOPLIST_KEY_UISupportedInterfaceOrientations_iPad = "UIInterfaceOrientationPortrait UIInterfaceOrientationPortraitUpsideDown UIInterfaceOrientationLandscapeLeft UIInterfaceOrientationLandscapeRight";
				INFOPLIST_KEY_UISupportedInterfaceOrientations_iPhone = "UIInterfaceOrientationPortrait UIInterfaceOrientationLandscapeLeft UIInterfaceOrientationLandscapeRight";
				LD_RUNPATH_SEARCH_PATHS = (
					"$(inherited)",
					"@executable_path/Frameworks",
				);
				MARKETING_VERSION = 1.0;
				PRODUCT_BUNDLE_IDENTIFIER = "cntrlnicole.Pick-Me-Up";
				PRODUCT_NAME = "$(TARGET_NAME)";
				SWIFT_EMIT_LOC_STRINGS = YES;
				SWIFT_VERSION = 5.0;
				TARGETED_DEVICE_FAMILY = 1;
			};
			name = Release;
		};
/* End XCBuildConfiguration section */

/* Begin XCConfigurationList section */
		8F05FC11276C06F200AB86F0 /* Build configuration list for PBXProject "Pick Me Up" */ = {
			isa = XCConfigurationList;
			buildConfigurations = (
				8F05FC28276C06F400AB86F0 /* Debug */,
				8F05FC29276C06F400AB86F0 /* Release */,
			);
			defaultConfigurationIsVisible = 0;
			defaultConfigurationName = Release;
		};
		8F05FC2A276C06F400AB86F0 /* Build configuration list for PBXNativeTarget "Pick Me Up" */ = {
			isa = XCConfigurationList;
			buildConfigurations = (
				8F05FC2B276C06F400AB86F0 /* Debug */,
				8F05FC2C276C06F400AB86F0 /* Release */,
			);
			defaultConfigurationIsVisible = 0;
			defaultConfigurationName = Release;
		};
/* End XCConfigurationList section */
	};
	rootObject = 8F05FC0E276C06F200AB86F0 /* Project object */;
}
